{
  "name": "agent-contract-test",
  "version": "0.2.0",
  "lockfileVersion": 3,
  "requires": true,
  "packages": {
    "": {
      "name": "agent-contract-test",
      "version": "0.2.0",
      "license": "Apache-2.0",
      "bin": {
        "actest": "src/cli.js",
        "agent-contract-test": "src/cli.js"
      },
      "engines": {
        "node": ">=20"
      }
    }
  }
}
